
Microsoft Visual Studio Solution File, Format Version 12.00
# Visual Studio Version 17
VisualStudioVersion = 17.4.33205.214
MinimumVisualStudioVersion = 10.0.40219.1
Project("{FAE04EC0-301F-11D3-BF4B-00C04F79EFBC}") = "Calculadora.UWP", "Calculadora\Calculadora.UWP\Calculadora.UWP.csproj", "{03D5D29D-324F-4991-B3C6-7EA6C7A9F4B5}"
EndProject
Project("{FAE04EC0-301F-11D3-BF4B-00C04F79EFBC}") = "Calculadora.Android", "Calculadora\Calculadora.Android\Calculadora.Android.csproj", "{C46D83D2-46BD-4D46-A344-9A915035050B}"
EndProject
Project("{FAE04EC0-301F-11D3-BF4B-00C04F79EFBC}") = "Calculadora.iOS", "Calculadora\Calculadora.iOS\Calculadora.iOS.csproj", "{E2695C9A-D421-45C9-B112-A2D58F1ED9C5}"
EndProject
Project("{FAE04EC0-301F-11D3-BF4B-00C04F79EFBC}") = "Calculadora", "Calculadora\Calculadora\Calculadora.csproj", "{2C3CEABF-3206-4044-9C17-2E65E7F8D3C4}"
EndProject
Global
	GlobalSection(SolutionConfigurationPlatforms) = preSolution
		Debug|Any CPU = Debug|Any CPU
		Debug|ARM = Debug|ARM
		Debug|iPhone = Debug|iPhone
		Debug|iPhoneSimulator = Debug|iPhoneSimulator
		Debug|x64 = Debug|x64
		Debug|x86 = Debug|x86
		Release|Any CPU = Release|Any CPU
		Release|ARM = Release|ARM
		Release|iPhone = Release|iPhone
		Release|iPhoneSimulator = Release|iPhoneSimulator
		Release|x64 = Release|x64
		Release|x86 = Release|x86
	EndGlobalSection
	GlobalSection(ProjectConfigurationPlatforms) = postSolution
		{03D5D29D-324F-4991-B3C6-7EA6C7A9F4B5}.Debug|Any CPU.ActiveCfg = Debug|x64
		{03D5D29D-324F-4991-B3C6-7EA6C7A9F4B5}.Debug|Any CPU.Build.0 = Debug|x64
		{03D5D29D-324F-4991-B3C6-7EA6C7A9F4B5}.Debug|Any CPU.Deploy.0 = Debug|x64
		{03D5D29D-324F-4991-B3C6-7EA6C7A9F4B5}.Debug|ARM.ActiveCfg = Debug|ARM
		{03D5D29D-324F-4991-B3C6-7EA6C7A9F4B5}.Debug|ARM.Build.0 = Debug|ARM
		{03D5D29D-324F-4991-B3C6-7EA6C7A9F4B5}.Debug|ARM.Deploy.0 = Debug|ARM
		{03D5D29D-324F-4991-B3C6-7EA6C7A9F4B5}.Debug|iPhone.ActiveCfg = Debug|x64
		{03D5D29D-324F-4991-B3C6-7EA6C7A9F4B5}.Debug|iPhone.Build.0 = Debug|x64
		{03D5D29D-324F-4991-B3C6-7EA6C7A9F4B5}.Debug|iPhone.Deploy.0 = Debug|x64
		{03D5D29D-324F-4991-B3C6-7EA6C7A9F4B5}.Debug|iPhoneSimulator.ActiveCfg = Debug|x64
		{03D5D29D-324F-4991-B3C6-7EA6C7A9F4B5}.Debug|iPhoneSimulator.Build.0 = Debug|x64
		{03D5D29D-324F-4991-B3C6-7EA6C7A9F4B5}.Debug|iPhoneSimulator.Deploy.0 = Debug|x64
		{03D5D29D-324F-4991-B3C6-7EA6C7A9F4B5}.Debug|x64.ActiveCfg = Debug|x64
		{03D5D29D-324F-4991-B3C6-7EA6C7A9F4B5}.Debug|x64.Build.0 = Debug|x64
		{03D5D29D-324F-4991-B3C6-7EA6C7A9F4B5}.Debug|x64.Deploy.0 = Debug|x64
		{03D5D29D-324F-4991-B3C6-7EA6C7A9F4B5}.Debug|x86.ActiveCfg = Debug|x86
		{03D5D29D-324F-4991-B3C6-7EA6C7A9F4B5}.Debug|x86.Build.0 = Debug|x86
		{03D5D29D-324F-4991-B3C6-7EA6C7A9F4B5}.Debug|x86.Deploy.0 = Debug|x86
		{03D5D29D-324F-4991-B3C6-7EA6C7A9F4B5}.Release|Any CPU.ActiveCfg = Release|x64
		{03D5D29D-324F-4991-B3C6-7EA6C7A9F4B5}.Release|Any CPU.Build.0 = Release|x64
		{03D5D29D-324F-4991-B3C6-7EA6C7A9F4B5}.Release|Any CPU.Deploy.0 = Release|x64
		{03D5D29D-324F-4991-B3C6-7EA6C7A9F4B5}.Release|ARM.ActiveCfg = Release|ARM
		{03D5D29D-324F-4991-B3C6-7EA6C7A9F4B5}.Release|ARM.Build.0 = Release|ARM
		{03D5D29D-324F-4991-B3C6-7EA6C7A9F4B5}.Release|ARM.Deploy.0 = Release|ARM
		{03D5D29D-324F-4991-B3C6-7EA6C7A9F4B5}.Release|iPhone.ActiveCfg = Release|x64
		{03D5D29D-324F-4991-B3C6-7EA6C7A9F4B5}.Release|iPhone.Build.0 = Release|x64
		{03D5D29D-324F-4991-B3C6-7EA6C7A9F4B5}.Release|iPhone.Deploy.0 = Release|x64
		{03D5D29D-324F-4991-B3C6-7EA6C7A9F4B5}.Release|iPhoneSimulator.ActiveCfg = Release|x64
		{03D5D29D-324F-4991-B3C6-7EA6C7A9F4B5}.Release|iPhoneSimulator.Build.0 = Release|x64
		{03D5D29D-324F-4991-B3C6-7EA6C7A9F4B5}.Release|iPhoneSimulator.Deploy.0 = Release|x64
		{03D5D29D-324F-4991-B3C6-7EA6C7A9F4B5}.Release|x64.ActiveCfg = Release|x64
		{03D5D29D-324F-4991-B3C6-7EA6C7A9F4B5}.Release|x64.Build.0 = Release|x64
		{03D5D29D-324F-4991-B3C6-7EA6C7A9F4B5}.Release|x64.Deploy.0 = Release|x64
		{03D5D29D-324F-4991-B3C6-7EA6C7A9F4B5}.Release|x86.ActiveCfg = Release|x86
		{03D5D29D-324F-4991-B3C6-7EA6C7A9F4B5}.Release|x86.Build.0 = Release|x86
		{03D5D29D-324F-4991-B3C6-7EA6C7A9F4B5}.Release|x86.Deploy.0 = Release|x86
		{C46D83D2-46BD-4D46-A344-9A915035050B}.Debug|Any CPU.ActiveCfg = Debug|Any CPU
		{C46D83D2-46BD-4D46-A344-9A915035050B}.Debug|Any CPU.Build.0 = Debug|Any CPU
		{C46D83D2-46BD-4D46-A344-9A915035050B}.Debug|Any CPU.Deploy.0 = Debug|Any CPU
		{C46D83D2-46BD-4D46-A344-9A915035050B}.Debug|ARM.ActiveCfg = Debug|Any CPU
		{C46D83D2-46BD-4D46-A344-9A915035050B}.Debug|ARM.Build.0 = Debug|Any CPU
		{C46D83D2-46BD-4D46-A344-9A915035050B}.Debug|ARM.Deploy.0 = Debug|Any CPU
		{C46D83D2-46BD-4D46-A344-9A915035050B}.Debug|iPhone.ActiveCfg = Debug|Any CPU
		{C46D83D2-46BD-4D46-A344-9A915035050B}.Debug|iPhone.Build.0 = Debug|Any CPU
		{C46D83D2-46BD-4D46-A344-9A915035050B}.Debug|iPhone.Deploy.0 = Debug|Any CPU
		{C46D83D2-46BD-4D46-A344-9A915035050B}.Debug|iPhoneSimulator.ActiveCfg = Debug|Any CPU
		{C46D83D2-46BD-4D46-A344-9A915035050B}.Debug|iPhoneSimulator.Build.0 = Debug|Any CPU
		{C46D83D2-46BD-4D46-A344-9A915035050B}.Debug|iPhoneSimulator.Deploy.0 = Debug|Any CPU
		{C46D83D2-46BD-4D46-A344-9A915035050B}.Debug|x64.ActiveCfg = Debug|Any CPU
		{C46D83D2-46BD-4D46-A344-9A915035050B}.Debug|x64.Build.0 = Debug|Any CPU
		{C46D83D2-46BD-4D46-A344-9A915035050B}.Debug|x64.Deploy.0 = Debug|Any CPU
		{C46D83D2-46BD-4D46-A344-9A915035050B}.Debug|x86.ActiveCfg = Debug|Any CPU
		{C46D83D2-46BD-4D46-A344-9A915035050B}.Debug|x86.Build.0 = Debug|Any CPU
		{C46D83D2-46BD-4D46-A344-9A915035050B}.Debug|x86.Deploy.0 = Debug|Any CPU
		{C46D83D2-46BD-4D46-A344-9A915035050B}.Release|Any CPU.ActiveCfg = Release|Any CPU
		{C46D83D2-46BD-4D46-A344-9A915035050B}.Release|Any CPU.Build.0 = Release|Any CPU
		{C46D83D2-46BD-4D46-A344-9A915035050B}.Release|Any CPU.Deploy.0 = Release|Any CPU
		{C46D83D2-46BD-4D46-A344-9A915035050B}.Release|ARM.ActiveCfg = Release|Any CPU
		{C46D83D2-46BD-4D46-A344-9A915035050B}.Release|ARM.Build.0 = Release|Any CPU
		{C46D83D2-46BD-4D46-A344-9A915035050B}.Release|ARM.Deploy.0 = Release|Any CPU
		{C46D83D2-46BD-4D46-A344-9A915035050B}.Release|iPhone.ActiveCfg = Release|Any CPU
		{C46D83D2-46BD-4D46-A344-9A915035050B}.Release|iPhone.Build.0 = Release|Any CPU
		{C46D83D2-46BD-4D46-A344-9A915035050B}.Release|iPhone.Deploy.0 = Release|Any CPU
		{C46D83D2-46BD-4D46-A344-9A915035050B}.Release|iPhoneSimulator.ActiveCfg = Release|Any CPU
		{C46D83D2-46BD-4D46-A344-9A915035050B}.Release|iPhoneSimulator.Build.0 = Release|Any CPU
		{C46D83D2-46BD-4D46-A344-9A915035050B}.Release|iPhoneSimulator.Deploy.0 = Release|Any CPU
		{C46D83D2-46BD-4D46-A344-9A915035050B}.Release|x64.ActiveCfg = Release|Any CPU
		{C46D83D2-46BD-4D46-A344-9A915035050B}.Release|x64.Build.0 = Release|Any CPU
		{C46D83D2-46BD-4D46-A344-9A915035050B}.Release|x64.Deploy.0 = Release|Any CPU
		{C46D83D2-46BD-4D46-A344-9A915035050B}.Release|x86.ActiveCfg = Release|Any CPU
		{C46D83D2-46BD-4D46-A344-9A915035050B}.Release|x86.Build.0 = Release|Any CPU
		{C46D83D2-46BD-4D46-A344-9A915035050B}.Release|x86.Deploy.0 = Release|Any CPU
		{E2695C9A-D421-45C9-B112-A2D58F1ED9C5}.Debug|Any CPU.ActiveCfg = Debug|iPhoneSimulator
		{E2695C9A-D421-45C9-B112-A2D58F1ED9C5}.Debug|Any CPU.Build.0 = Debug|iPhoneSimulator
		{E2695C9A-D421-45C9-B112-A2D58F1ED9C5}.Debug|Any CPU.Deploy.0 = Debug|iPhoneSimulator
		{E2695C9A-D421-45C9-B112-A2D58F1ED9C5}.Debug|ARM.ActiveCfg = Debug|iPhoneSimulator
		{E2695C9A-D421-45C9-B112-A2D58F1ED9C5}.Debug|ARM.Build.0 = Debug|iPhoneSimulator
		{E2695C9A-D421-45C9-B112-A2D58F1ED9C5}.Debug|ARM.Deploy.0 = Debug|iPhoneSimulator
		{E2695C9A-D421-45C9-B112-A2D58F1ED9C5}.Debug|iPhone.ActiveCfg = Debug|iPhone
		{E2695C9A-D421-45C9-B112-A2D58F1ED9C5}.Debug|iPhone.Build.0 = Debug|iPhone
		{E2695C9A-D421-45C9-B112-A2D58F1ED9C5}.Debug|iPhone.Deploy.0 = Debug|iPhone
		{E2695C9A-D421-45C9-B112-A2D58F1ED9C5}.Debug|iPhoneSimulator.ActiveCfg = Debug|iPhoneSimulator
		{E2695C9A-D421-45C9-B112-A2D58F1ED9C5}.Debug|iPhoneSimulator.Build.0 = Debug|iPhoneSimulator
		{E2695C9A-D421-45C9-B112-A2D58F1ED9C5}.Debug|iPhoneSimulator.Deploy.0 = Debug|iPhoneSimulator
		{E2695C9A-D421-45C9-B112-A2D58F1ED9C5}.Debug|x64.ActiveCfg = Debug|iPhone
		{E2695C9A-D421-45C9-B112-A2D58F1ED9C5}.Debug|x64.Build.0 = Debug|iPhone
		{E2695C9A-D421-45C9-B112-A2D58F1ED9C5}.Debug|x64.Deploy.0 = Debug|iPhone
		{E2695C9A-D421-45C9-B112-A2D58F1ED9C5}.Debug|x86.ActiveCfg = Debug|iPhoneSimulator
		{E2695C9A-D421-45C9-B112-A2D58F1ED9C5}.Debug|x86.Build.0 = Debug|iPhoneSimulator
		{E2695C9A-D421-45C9-B112-A2D58F1ED9C5}.Debug|x86.Deploy.0 = Debug|iPhoneSimulator
		{E2695C9A-D421-45C9-B112-A2D58F1ED9C5}.Release|Any CPU.ActiveCfg = Release|iPhoneSimulator
		{E2695C9A-D421-45C9-B112-A2D58F1ED9C5}.Release|Any CPU.Build.0 = Release|iPhoneSimulator
		{E2695C9A-D421-45C9-B112-A2D58F1ED9C5}.Release|Any CPU.Deploy.0 = Release|iPhoneSimulator
		{E2695C9A-D421-45C9-B112-A2D58F1ED9C5}.Release|ARM.ActiveCfg = Release|iPhoneSimulator
		{E2695C9A-D421-45C9-B112-A2D58F1ED9C5}.Release|ARM.Build.0 = Release|iPhoneSimulator
		{E2695C9A-D421-45C9-B112-A2D58F1ED9C5}.Release|ARM.Deploy.0 = Release|iPhoneSimulator
		{E2695C9A-D421-45C9-B112-A2D58F1ED9C5}.Release|iPhone.ActiveCfg = Release|iPhone
		{E2695C9A-D421-45C9-B112-A2D58F1ED9C5}.Release|iPhone.Build.0 = Release|iPhone
		{E2695C9A-D421-45C9-B112-A2D58F1ED9C5}.Release|iPhone.Deploy.0 = Release|iPhone
		{E2695C9A-D421-45C9-B112-A2D58F1ED9C5}.Release|iPhoneSimulator.ActiveCfg = Release|iPhoneSimulator
		{E2695C9A-D421-45C9-B112-A2D58F1ED9C5}.Release|iPhoneSimulator.Build.0 = Release|iPhoneSimulator
		{E2695C9A-D421-45C9-B112-A2D58F1ED9C5}.Release|iPhoneSimulator.Deploy.0 = Release|iPhoneSimulator
		{E2695C9A-D421-45C9-B112-A2D58F1ED9C5}.Release|x64.ActiveCfg = Release|iPhoneSimulator
		{E2695C9A-D421-45C9-B112-A2D58F1ED9C5}.Release|x64.Build.0 = Release|iPhoneSimulator
		{E2695C9A-D421-45C9-B112-A2D58F1ED9C5}.Release|x64.Deploy.0 = Release|iPhoneSimulator
		{E2695C9A-D421-45C9-B112-A2D58F1ED9C5}.Release|x86.ActiveCfg = Release|iPhoneSimulator
		{E2695C9A-D421-45C9-B112-A2D58F1ED9C5}.Release|x86.Build.0 = Release|iPhoneSimulator
		{E2695C9A-D421-45C9-B112-A2D58F1ED9C5}.Release|x86.Deploy.0 = Release|iPhoneSimulator
		{2C3CEABF-3206-4044-9C17-2E65E7F8D3C4}.Debug|Any CPU.ActiveCfg = Debug|Any CPU
		{2C3CEABF-3206-4044-9C17-2E65E7F8D3C4}.Debug|Any CPU.Build.0 = Debug|Any CPU
		{2C3CEABF-3206-4044-9C17-2E65E7F8D3C4}.Debug|Any CPU.Deploy.0 = Debug|Any CPU
		{2C3CEABF-3206-4044-9C17-2E65E7F8D3C4}.Debug|ARM.ActiveCfg = Debug|Any CPU
		{2C3CEABF-3206-4044-9C17-2E65E7F8D3C4}.Debug|ARM.Build.0 = Debug|Any CPU
		{2C3CEABF-3206-4044-9C17-2E65E7F8D3C4}.Debug|ARM.Deploy.0 = Debug|Any CPU
		{2C3CEABF-3206-4044-9C17-2E65E7F8D3C4}.Debug|iPhone.ActiveCfg = Debug|Any CPU
		{2C3CEABF-3206-4044-9C17-2E65E7F8D3C4}.Debug|iPhone.Build.0 = Debug|Any CPU
		{2C3CEABF-3206-4044-9C17-2E65E7F8D3C4}.Debug|iPhone.Deploy.0 = Debug|Any CPU
		{2C3CEABF-3206-4044-9C17-2E65E7F8D3C4}.Debug|iPhoneSimulator.ActiveCfg = Debug|Any CPU
		{2C3CEABF-3206-4044-9C17-2E65E7F8D3C4}.Debug|iPhoneSimulator.Build.0 = Debug|Any CPU
		{2C3CEABF-3206-4044-9C17-2E65E7F8D3C4}.Debug|iPhoneSimulator.Deploy.0 = Debug|Any CPU
		{2C3CEABF-3206-4044-9C17-2E65E7F8D3C4}.Debug|x64.ActiveCfg = Debug|Any CPU
		{2C3CEABF-3206-4044-9C17-2E65E7F8D3C4}.Debug|x64.Build.0 = Debug|Any CPU
		{2C3CEABF-3206-4044-9C17-2E65E7F8D3C4}.Debug|x64.Deploy.0 = Debug|Any CPU
		{2C3CEABF-3206-4044-9C17-2E65E7F8D3C4}.Debug|x86.ActiveCfg = Debug|Any CPU
		{2C3CEABF-3206-4044-9C17-2E65E7F8D3C4}.Debug|x86.Build.0 = Debug|Any CPU
		{2C3CEABF-3206-4044-9C17-2E65E7F8D3C4}.Debug|x86.Deploy.0 = Debug|Any CPU
		{2C3CEABF-3206-4044-9C17-2E65E7F8D3C4}.Release|Any CPU.ActiveCfg = Release|Any CPU
		{2C3CEABF-3206-4044-9C17-2E65E7F8D3C4}.Release|Any CPU.Build.0 = Release|Any CPU
		{2C3CEABF-3206-4044-9C17-2E65E7F8D3C4}.Release|Any CPU.Deploy.0 = Release|Any CPU
		{2C3CEABF-3206-4044-9C17-2E65E7F8D3C4}.Release|ARM.ActiveCfg = Release|Any CPU
		{2C3CEABF-3206-4044-9C17-2E65E7F8D3C4}.Release|ARM.Build.0 = Release|Any CPU
		{2C3CEABF-3206-4044-9C17-2E65E7F8D3C4}.Release|ARM.Deploy.0 = Release|Any CPU
		{2C3CEABF-3206-4044-9C17-2E65E7F8D3C4}.Release|iPhone.ActiveCfg = Release|Any CPU
		{2C3CEABF-3206-4044-9C17-2E65E7F8D3C4}.Release|iPhone.Build.0 = Release|Any CPU
		{2C3CEABF-3206-4044-9C17-2E65E7F8D3C4}.Release|iPhone.Deploy.0 = Release|Any CPU
		{2C3CEABF-3206-4044-9C17-2E65E7F8D3C4}.Release|iPhoneSimulator.ActiveCfg = Release|Any CPU
		{2C3CEABF-3206-4044-9C17-2E65E7F8D3C4}.Release|iPhoneSimulator.Build.0 = Release|Any CPU
		{2C3CEABF-3206-4044-9C17-2E65E7F8D3C4}.Release|iPhoneSimulator.Deploy.0 = Release|Any CPU
		{2C3CEABF-3206-4044-9C17-2E65E7F8D3C4}.Release|x64.ActiveCfg = Release|Any CPU
		{2C3CEABF-3206-4044-9C17-2E65E7F8D3C4}.Release|x64.Build.0 = Release|Any CPU
		{2C3CEABF-3206-4044-9C17-2E65E7F8D3C4}.Release|x64.Deploy.0 = Release|Any CPU
		{2C3CEABF-3206-4044-9C17-2E65E7F8D3C4}.Release|x86.ActiveCfg = Release|Any CPU
		{2C3CEABF-3206-4044-9C17-2E65E7F8D3C4}.Release|x86.Build.0 = Release|Any CPU
		{2C3CEABF-3206-4044-9C17-2E65E7F8D3C4}.Release|x86.Deploy.0 = Release|Any CPU
	EndGlobalSection
	GlobalSection(SolutionProperties) = preSolution
		HideSolutionNode = FALSE
	EndGlobalSection
	GlobalSection(ExtensibilityGlobals) = postSolution
		SolutionGuid = {DD3E777E-475C-4A4D-9404-A68F7F3CED92}
	EndGlobalSection
EndGlobal
